
Microsoft Visual Studio Solution File, Format Version 12.00
# Visual Studio Version 17
VisualStudioVersion = 17.0.31919.166
MinimumVisualStudioVersion = 10.0.40219.1
Project("{8BC9CEB8-8B4A-11D0-8D11-00A0C91BC942}") = "L5_1", "L5_1\L5_1.vcxproj", "{9DAA3467-AC8C-4533-9B39-172E0C17F733}"
EndProject
Project("{8BC9CEB8-8B4A-11D0-8D11-00A0C91BC942}") = "L5_2", "L5_2\L5_2.vcxproj", "{131289D0-56B3-4DD9-B363-1BA6A3EEEE0A}"
EndProject
Project("{8BC9CEB8-8B4A-11D0-8D11-00A0C91BC942}") = "L5_3", "L5_3\L5_3.vcxproj", "{F06EA417-BCDF-4ADB-8DA5-578F21ED4672}"
EndProject
Project("{8BC9CEB8-8B4A-11D0-8D11-00A0C91BC942}") = "L5_4", "L5_4\L5_4.vcxproj", "{13DDEE8D-2C55-4C0F-9388-AE2E56087A01}"
EndProject
Global
	GlobalSection(SolutionConfigurationPlatforms) = preSolution
		Debug|x64 = Debug|x64
		Debug|x86 = Debug|x86
		Release|x64 = Release|x64
		Release|x86 = Release|x86
	EndGlobalSection
	GlobalSection(ProjectConfigurationPlatforms) = postSolution
		{9DAA3467-AC8C-4533-9B39-172E0C17F733}.Debug|x64.ActiveCfg = Debug|x64
		{9DAA3467-AC8C-4533-9B39-172E0C17F733}.Debug|x64.Build.0 = Debug|x64
		{9DAA3467-AC8C-4533-9B39-172E0C17F733}.Debug|x86.ActiveCfg = Debug|Win32
		{9DAA3467-AC8C-4533-9B39-172E0C17F733}.Debug|x86.Build.0 = Debug|Win32
		{9DAA3467-AC8C-4533-9B39-172E0C17F733}.Release|x64.ActiveCfg = Release|x64
		{9DAA3467-AC8C-4533-9B39-172E0C17F733}.Release|x64.Build.0 = Release|x64
		{9DAA3467-AC8C-4533-9B39-172E0C17F733}.Release|x86.ActiveCfg = Release|Win32
		{9DAA3467-AC8C-4533-9B39-172E0C17F733}.Release|x86.Build.0 = Release|Win32
		{131289D0-56B3-4DD9-B363-1BA6A3EEEE0A}.Debug|x64.ActiveCfg = Debug|x64
		{131289D0-56B3-4DD9-B363-1BA6A3EEEE0A}.Debug|x64.Build.0 = Debug|x64
		{131289D0-56B3-4DD9-B363-1BA6A3EEEE0A}.Debug|x86.ActiveCfg = Debug|Win32
		{131289D0-56B3-4DD9-B363-1BA6A3EEEE0A}.Debug|x86.Build.0 = Debug|Win32
		{131289D0-56B3-4DD9-B363-1BA6A3EEEE0A}.Release|x64.ActiveCfg = Release|x64
		{131289D0-56B3-4DD9-B363-1BA6A3EEEE0A}.Release|x64.Build.0 = Release|x64
		{131289D0-56B3-4DD9-B363-1BA6A3EEEE0A}.Release|x86.ActiveCfg = Release|Win32
		{131289D0-56B3-4DD9-B363-1BA6A3EEEE0A}.Release|x86.Build.0 = Release|Win32
		{F06EA417-BCDF-4ADB-8DA5-578F21ED4672}.Debug|x64.ActiveCfg = Debug|x64
		{F06EA417-BCDF-4ADB-8DA5-578F21ED4672}.Debug|x64.Build.0 = Debug|x64
		{F06EA417-BCDF-4ADB-8DA5-578F21ED4672}.Debug|x86.ActiveCfg = Debug|Win32
		{F06EA417-BCDF-4ADB-8DA5-578F21ED4672}.Debug|x86.Build.0 = Debug|Win32
		{F06EA417-BCDF-4ADB-8DA5-578F21ED4672}.Release|x64.ActiveCfg = Release|x64
		{F06EA417-BCDF-4ADB-8DA5-578F21ED4672}.Release|x64.Build.0 = Release|x64
		{F06EA417-BCDF-4ADB-8DA5-578F21ED4672}.Release|x86.ActiveCfg = Release|Win32
		{F06EA417-BCDF-4ADB-8DA5-578F21ED4672}.Release|x86.Build.0 = Release|Win32
		{13DDEE8D-2C55-4C0F-9388-AE2E56087A01}.Debug|x64.ActiveCfg = Debug|x64
		{13DDEE8D-2C55-4C0F-9388-AE2E56087A01}.Debug|x64.Build.0 = Debug|x64
		{13DDEE8D-2C55-4C0F-9388-AE2E56087A01}.Debug|x86.ActiveCfg = Debug|Win32
		{13DDEE8D-2C55-4C0F-9388-AE2E56087A01}.Debug|x86.Build.0 = Debug|Win32
		{13DDEE8D-2C55-4C0F-9388-AE2E56087A01}.Release|x64.ActiveCfg = Release|x64
		{13DDEE8D-2C55-4C0F-9388-AE2E56087A01}.Release|x64.Build.0 = Release|x64
		{13DDEE8D-2C55-4C0F-9388-AE2E56087A01}.Release|x86.ActiveCfg = Release|Win32
		{13DDEE8D-2C55-4C0F-9388-AE2E56087A01}.Release|x86.Build.0 = Release|Win32
	EndGlobalSection
	GlobalSection(SolutionProperties) = preSolution
		HideSolutionNode = FALSE
	EndGlobalSection
	GlobalSection(ExtensibilityGlobals) = postSolution
		SolutionGuid = {5B168451-B6E3-4E95-B0B9-988725C96DC8}
	EndGlobalSection
EndGlobal
